
Microsoft Visual Studio Solution File, Format Version 12.00
# Visual Studio 14
VisualStudioVersion = 14.0.24720.0
MinimumVisualStudioVersion = 10.0.40219.1
Project("{FAE04EC0-301F-11D3-BF4B-00C04F79EFBC}") = "BerfWeb", "BerfWeb\BerfWeb.csproj", "{3C2F9900-75E4-4DF7-933D-015F67F5497D}"
EndProject
Project("{FAE04EC0-301F-11D3-BF4B-00C04F79EFBC}") = "BerfWeb.Tests", "BerfWeb.Tests\BerfWeb.Tests.csproj", "{16BBB5D6-9611-48EA-B2D9-FA52D7ECE721}"
EndProject
Project("{F2A71F9B-5D33-465A-A702-920D77279786}") = "Berf", "Berf\Berf.fsproj", "{18701BA8-3D3D-4CE5-95FF-9FDF998DAD98}"
EndProject
Project("{2150E333-8FDC-42A3-9474-1A3956D46DE8}") = "Doco", "Doco", "{369AA361-8B43-4B2B-8AC2-1319A57D3A81}"
	ProjectSection(SolutionItems) = preProject
		README.md = README.md
	EndProjectSection
EndProject
Project("{F2A71F9B-5D33-465A-A702-920D77279786}") = "FDac", "FDac\FDac.fsproj", "{D7439C8E-05A1-4387-A896-BF74F4FCFDAB}"
EndProject
Project("{F2A71F9B-5D33-465A-A702-920D77279786}") = "BerfDac.IntegrationTest", "BerfDac.IntegrationTest\BerfDac.IntegrationTest.fsproj", "{8F37EF99-9586-41F4-893D-665D3A1755A5}"
EndProject
Project("{FAE04EC0-301F-11D3-BF4B-00C04F79EFBC}") = "BerfDacAltIntegrationTest", "BerfDacAltIntegrationTest\BerfDacAltIntegrationTest.csproj", "{1DAEED8E-B63E-4DDB-9328-FC3695644456}"
EndProject
Global
	GlobalSection(SolutionConfigurationPlatforms) = preSolution
		Debug|Any CPU = Debug|Any CPU
		Release|Any CPU = Release|Any CPU
	EndGlobalSection
	GlobalSection(ProjectConfigurationPlatforms) = postSolution
		{3C2F9900-75E4-4DF7-933D-015F67F5497D}.Debug|Any CPU.ActiveCfg = Debug|Any CPU
		{3C2F9900-75E4-4DF7-933D-015F67F5497D}.Debug|Any CPU.Build.0 = Debug|Any CPU
		{3C2F9900-75E4-4DF7-933D-015F67F5497D}.Release|Any CPU.ActiveCfg = Release|Any CPU
		{3C2F9900-75E4-4DF7-933D-015F67F5497D}.Release|Any CPU.Build.0 = Release|Any CPU
		{16BBB5D6-9611-48EA-B2D9-FA52D7ECE721}.Debug|Any CPU.ActiveCfg = Debug|Any CPU
		{16BBB5D6-9611-48EA-B2D9-FA52D7ECE721}.Debug|Any CPU.Build.0 = Debug|Any CPU
		{16BBB5D6-9611-48EA-B2D9-FA52D7ECE721}.Release|Any CPU.ActiveCfg = Release|Any CPU
		{16BBB5D6-9611-48EA-B2D9-FA52D7ECE721}.Release|Any CPU.Build.0 = Release|Any CPU
		{18701BA8-3D3D-4CE5-95FF-9FDF998DAD98}.Debug|Any CPU.ActiveCfg = Debug|Any CPU
		{18701BA8-3D3D-4CE5-95FF-9FDF998DAD98}.Debug|Any CPU.Build.0 = Debug|Any CPU
		{18701BA8-3D3D-4CE5-95FF-9FDF998DAD98}.Release|Any CPU.ActiveCfg = Release|Any CPU
		{18701BA8-3D3D-4CE5-95FF-9FDF998DAD98}.Release|Any CPU.Build.0 = Release|Any CPU
		{D7439C8E-05A1-4387-A896-BF74F4FCFDAB}.Debug|Any CPU.ActiveCfg = Debug|Any CPU
		{D7439C8E-05A1-4387-A896-BF74F4FCFDAB}.Debug|Any CPU.Build.0 = Debug|Any CPU
		{D7439C8E-05A1-4387-A896-BF74F4FCFDAB}.Release|Any CPU.ActiveCfg = Release|Any CPU
		{D7439C8E-05A1-4387-A896-BF74F4FCFDAB}.Release|Any CPU.Build.0 = Release|Any CPU
		{8F37EF99-9586-41F4-893D-665D3A1755A5}.Debug|Any CPU.ActiveCfg = Debug|Any CPU
		{8F37EF99-9586-41F4-893D-665D3A1755A5}.Debug|Any CPU.Build.0 = Debug|Any CPU
		{8F37EF99-9586-41F4-893D-665D3A1755A5}.Release|Any CPU.ActiveCfg = Release|Any CPU
		{8F37EF99-9586-41F4-893D-665D3A1755A5}.Release|Any CPU.Build.0 = Release|Any CPU
		{1DAEED8E-B63E-4DDB-9328-FC3695644456}.Debug|Any CPU.ActiveCfg = Debug|Any CPU
		{1DAEED8E-B63E-4DDB-9328-FC3695644456}.Debug|Any CPU.Build.0 = Debug|Any CPU
		{1DAEED8E-B63E-4DDB-9328-FC3695644456}.Release|Any CPU.ActiveCfg = Release|Any CPU
		{1DAEED8E-B63E-4DDB-9328-FC3695644456}.Release|Any CPU.Build.0 = Release|Any CPU
	EndGlobalSection
	GlobalSection(SolutionProperties) = preSolution
		HideSolutionNode = FALSE
	EndGlobalSection
EndGlobal
